// !$*UTF8*$!
{
	archiveVersion = 1;
	classes = {
	};
	objectVersion = 50;
	objects = {

/* Begin PBXBuildFile section */
		0560307C242364D30010D51A /* Tab1.swift in Sources */ = {isa = PBXBuildFile; fileRef = 0560307B242364D30010D51A /* Tab1.swift */; };
		0560307F242373A00010D51A /* Tab2.swift in Sources */ = {isa = PBXBuildFile; fileRef = 0560307D242373A00010D51A /* Tab2.swift */; };
		05603080242373A00010D51A /* Tab3.swift in Sources */ = {isa = PBXBuildFile; fileRef = 0560307E242373A00010D51A /* Tab3.swift */; };
		05603082242375590010D51A /* Nav_Tab.swift in Sources */ = {isa = PBXBuildFile; fileRef = 05603081242375590010D51A /* Nav_Tab.swift */; };
		056030862424B1E10010D51A /* SysText.swift in Sources */ = {isa = PBXBuildFile; fileRef = 056030852424B1E10010D51A /* SysText.swift */; };
		056030882424B4870010D51A /* SysButton.swift in Sources */ = {isa = PBXBuildFile; fileRef = 056030872424B4870010D51A /* SysButton.swift */; };
		0560308B2424C0C40010D51A /* SysTextField.swift in Sources */ = {isa = PBXBuildFile; fileRef = 056030892424C0C40010D51A /* SysTextField.swift */; };
		0560308C2424C0C40010D51A /* SysImage.swift in Sources */ = {isa = PBXBuildFile; fileRef = 0560308A2424C0C40010D51A /* SysImage.swift */; };
		0560308E2424C2790010D51A /* SysSecureField.swift in Sources */ = {isa = PBXBuildFile; fileRef = 0560308D2424C2790010D51A /* SysSecureField.swift */; };
		056030902424C63F0010D51A /* SysFont.swift in Sources */ = {isa = PBXBuildFile; fileRef = 0560308F2424C63F0010D51A /* SysFont.swift */; };
		056030952424C6ED0010D51A /* SysNavigationLink.swift in Sources */ = {isa = PBXBuildFile; fileRef = 056030942424C6ED0010D51A /* SysNavigationLink.swift */; };
		056030972424C6FA0010D51A /* SysMenuButton.swift in Sources */ = {isa = PBXBuildFile; fileRef = 056030962424C6FA0010D51A /* SysMenuButton.swift */; };
		056030992424C70A0010D51A /* SysEditButton.swift in Sources */ = {isa = PBXBuildFile; fileRef = 056030982424C70A0010D51A /* SysEditButton.swift */; };
		0560309B2424C7150010D51A /* SysPasteButton.swift in Sources */ = {isa = PBXBuildFile; fileRef = 0560309A2424C7150010D51A /* SysPasteButton.swift */; };
		0560309E2424C9D40010D51A /* SysToggle.swift in Sources */ = {isa = PBXBuildFile; fileRef = 0560309D2424C9D40010D51A /* SysToggle.swift */; };
		056030A02424C9ED0010D51A /* SysPicker.swift in Sources */ = {isa = PBXBuildFile; fileRef = 0560309F2424C9ED0010D51A /* SysPicker.swift */; };
		056030A22424CA080010D51A /* SysDatePicker.swift in Sources */ = {isa = PBXBuildFile; fileRef = 056030A12424CA080010D51A /* SysDatePicker.swift */; };
		056030A42424CA220010D51A /* SysSlider.swift in Sources */ = {isa = PBXBuildFile; fileRef = 056030A32424CA220010D51A /* SysSlider.swift */; };
		056030A62424CA2F0010D51A /* SysStepper.swift in Sources */ = {isa = PBXBuildFile; fileRef = 056030A52424CA2F0010D51A /* SysStepper.swift */; };
		05F17F712407C92C00E55796 /* AppDelegate.swift in Sources */ = {isa = PBXBuildFile; fileRef = 05F17F702407C92C00E55796 /* AppDelegate.swift */; };
		05F17F732407C92C00E55796 /* SceneDelegate.swift in Sources */ = {isa = PBXBuildFile; fileRef = 05F17F722407C92C00E55796 /* SceneDelegate.swift */; };
		05F17F752407C92C00E55796 /* ElementListView.swift in Sources */ = {isa = PBXBuildFile; fileRef = 05F17F742407C92C00E55796 /* ElementListView.swift */; };
		05F17F772407C92E00E55796 /* Assets.xcassets in Resources */ = {isa = PBXBuildFile; fileRef = 05F17F762407C92E00E55796 /* Assets.xcassets */; };
		05F17F7A2407C92E00E55796 /* Preview Assets.xcassets in Resources */ = {isa = PBXBuildFile; fileRef = 05F17F792407C92E00E55796 /* Preview Assets.xcassets */; };
		05F17F7D2407C92E00E55796 /* LaunchScreen.storyboard in Resources */ = {isa = PBXBuildFile; fileRef = 05F17F7B2407C92E00E55796 /* LaunchScreen.storyboard */; };
		05F17F872407D01300E55796 /* SysTableView.swift in Sources */ = {isa = PBXBuildFile; fileRef = 05F17F862407D01300E55796 /* SysTableView.swift */; };
		05F17F8B2407D15C00E55796 /* SysElement.swift in Sources */ = {isa = PBXBuildFile; fileRef = 05F17F8A2407D15C00E55796 /* SysElement.swift */; };
		05F17F8D24091E6500E55796 /* SysNavigationView.swift in Sources */ = {isa = PBXBuildFile; fileRef = 05F17F8C24091E6500E55796 /* SysNavigationView.swift */; };
		05F17F90240A3F5500E55796 /* HomeView.swift in Sources */ = {isa = PBXBuildFile; fileRef = 05F17F8F240A3F5500E55796 /* HomeView.swift */; };
		05F17F92240A63DC00E55796 /* SysList.swift in Sources */ = {isa = PBXBuildFile; fileRef = 05F17F91240A63DC00E55796 /* SysList.swift */; };
		05F17F94240A670100E55796 /* TextRow.swift in Sources */ = {isa = PBXBuildFile; fileRef = 05F17F93240A670100E55796 /* TextRow.swift */; };
/* End PBXBuildFile section */

/* Begin PBXFileReference section */
		0560307A24235DE00010D51A /* SwiftUI-Base.entitlements */ = {isa = PBXFileReference; fileEncoding = 4; lastKnownFileType = text.plist.entitlements; path = "SwiftUI-Base.entitlements"; sourceTree = "<group>"; };
		0560307B242364D30010D51A /* Tab1.swift */ = {isa = PBXFileReference; lastKnownFileType = sourcecode.swift; path = Tab1.swift; sourceTree = "<group>"; };
		0560307D242373A00010D51A /* Tab2.swift */ = {isa = PBXFileReference; fileEncoding = 4; lastKnownFileType = sourcecode.swift; path = Tab2.swift; sourceTree = "<group>"; };
		0560307E242373A00010D51A /* Tab3.swift */ = {isa = PBXFileReference; fileEncoding = 4; lastKnownFileType = sourcecode.swift; path = Tab3.swift; sourceTree = "<group>"; };
		05603081242375590010D51A /* Nav_Tab.swift */ = {isa = PBXFileReference; lastKnownFileType = sourcecode.swift; path = Nav_Tab.swift; sourceTree = "<group>"; };
		056030852424B1E10010D51A /* SysText.swift */ = {isa = PBXFileReference; lastKnownFileType = sourcecode.swift; path = SysText.swift; sourceTree = "<group>"; };
		056030872424B4870010D51A /* SysButton.swift */ = {isa = PBXFileReference; lastKnownFileType = sourcecode.swift; path = SysButton.swift; sourceTree = "<group>"; };
		056030892424C0C40010D51A /* SysTextField.swift */ = {isa = PBXFileReference; fileEncoding = 4; lastKnownFileType = sourcecode.swift; path = SysTextField.swift; sourceTree = "<group>"; };
		0560308A2424C0C40010D51A /* SysImage.swift */ = {isa = PBXFileReference; fileEncoding = 4; lastKnownFileType = sourcecode.swift; path = SysImage.swift; sourceTree = "<group>"; };
		0560308D2424C2790010D51A /* SysSecureField.swift */ = {isa = PBXFileReference; lastKnownFileType = sourcecode.swift; path = SysSecureField.swift; sourceTree = "<group>"; };
		0560308F2424C63F0010D51A /* SysFont.swift */ = {isa = PBXFileReference; lastKnownFileType = sourcecode.swift; path = SysFont.swift; sourceTree = "<group>"; };
		056030942424C6ED0010D51A /* SysNavigationLink.swift */ = {isa = PBXFileReference; lastKnownFileType = sourcecode.swift; path = SysNavigationLink.swift; sourceTree = "<group>"; };
		056030962424C6FA0010D51A /* SysMenuButton.swift */ = {isa = PBXFileReference; lastKnownFileType = sourcecode.swift; path = SysMenuButton.swift; sourceTree = "<group>"; };
		056030982424C70A0010D51A /* SysEditButton.swift */ = {isa = PBXFileReference; lastKnownFileType = sourcecode.swift; path = SysEditButton.swift; sourceTree = "<group>"; };
		0560309A2424C7150010D51A /* SysPasteButton.swift */ = {isa = PBXFileReference; lastKnownFileType = sourcecode.swift; path = SysPasteButton.swift; sourceTree = "<group>"; };
		0560309D2424C9D40010D51A /* SysToggle.swift */ = {isa = PBXFileReference; lastKnownFileType = sourcecode.swift; path = SysToggle.swift; sourceTree = "<group>"; };
		0560309F2424C9ED0010D51A /* SysPicker.swift */ = {isa = PBXFileReference; lastKnownFileType = sourcecode.swift; path = SysPicker.swift; sourceTree = "<group>"; };
		056030A12424CA080010D51A /* SysDatePicker.swift */ = {isa = PBXFileReference; lastKnownFileType = sourcecode.swift; path = SysDatePicker.swift; sourceTree = "<group>"; };
		056030A32424CA220010D51A /* SysSlider.swift */ = {isa = PBXFileReference; lastKnownFileType = sourcecode.swift; path = SysSlider.swift; sourceTree = "<group>"; };
		056030A52424CA2F0010D51A /* SysStepper.swift */ = {isa = PBXFileReference; lastKnownFileType = sourcecode.swift; path = SysStepper.swift; sourceTree = "<group>"; };
		05F17F6D2407C92C00E55796 /* SwiftUI大全.app */ = {isa = PBXFileReference; explicitFileType = wrapper.application; includeInIndex = 0; path = "SwiftUI大全.app"; sourceTree = BUILT_PRODUCTS_DIR; };
		05F17F702407C92C00E55796 /* AppDelegate.swift */ = {isa = PBXFileReference; lastKnownFileType = sourcecode.swift; path = AppDelegate.swift; sourceTree = "<group>"; };
		05F17F722407C92C00E55796 /* SceneDelegate.swift */ = {isa = PBXFileReference; lastKnownFileType = sourcecode.swift; path = SceneDelegate.swift; sourceTree = "<group>"; };
		05F17F742407C92C00E55796 /* ElementListView.swift */ = {isa = PBXFileReference; lastKnownFileType = sourcecode.swift; path = ElementListView.swift; sourceTree = "<group>"; };
		05F17F762407C92E00E55796 /* Assets.xcassets */ = {isa = PBXFileReference; lastKnownFileType = folder.assetcatalog; path = Assets.xcassets; sourceTree = "<group>"; };
		05F17F792407C92E00E55796 /* Preview Assets.xcassets */ = {isa = PBXFileReference; lastKnownFileType = folder.assetcatalog; path = "Preview Assets.xcassets"; sourceTree = "<group>"; };
		05F17F7C2407C92E00E55796 /* Base */ = {isa = PBXFileReference; lastKnownFileType = file.storyboard; name = Base; path = Base.lproj/LaunchScreen.storyboard; sourceTree = "<group>"; };
		05F17F7E2407C92E00E55796 /* Info.plist */ = {isa = PBXFileReference; lastKnownFileType = text.plist.xml; path = Info.plist; sourceTree = "<group>"; };
		05F17F862407D01300E55796 /* SysTableView.swift */ = {isa = PBXFileReference; lastKnownFileType = sourcecode.swift; path = SysTableView.swift; sourceTree = "<group>"; };
		05F17F8A2407D15C00E55796 /* SysElement.swift */ = {isa = PBXFileReference; lastKnownFileType = sourcecode.swift; path = SysElement.swift; sourceTree = "<group>"; };
		05F17F8C24091E6500E55796 /* SysNavigationView.swift */ = {isa = PBXFileReference; lastKnownFileType = sourcecode.swift; path = SysNavigationView.swift; sourceTree = "<group>"; };
		05F17F8F240A3F5500E55796 /* HomeView.swift */ = {isa = PBXFileReference; lastKnownFileType = sourcecode.swift; path = HomeView.swift; sourceTree = "<group>"; };
		05F17F91240A63DC00E55796 /* SysList.swift */ = {isa = PBXFileReference; lastKnownFileType = sourcecode.swift; path = SysList.swift; sourceTree = "<group>"; };
		05F17F93240A670100E55796 /* TextRow.swift */ = {isa = PBXFileReference; lastKnownFileType = sourcecode.swift; path = TextRow.swift; sourceTree = "<group>"; };
/* End PBXFileReference section */

/* Begin PBXFrameworksBuildPhase section */
		05F17F6A2407C92C00E55796 /* Frameworks */ = {
			isa = PBXFrameworksBuildPhase;
			buildActionMask = 2147483647;
			files = (
			);
			runOnlyForDeploymentPostprocessing = 0;
		};
/* End PBXFrameworksBuildPhase section */

/* Begin PBXGroup section */
		05603083242379670010D51A /* Main */ = {
			isa = PBXGroup;
			children = (
				05F17F702407C92C00E55796 /* AppDelegate.swift */,
				05F17F722407C92C00E55796 /* SceneDelegate.swift */,
				05F17F8F240A3F5500E55796 /* HomeView.swift */,
				0560307B242364D30010D51A /* Tab1.swift */,
				0560307D242373A00010D51A /* Tab2.swift */,
				0560307E242373A00010D51A /* Tab3.swift */,
			);
			path = Main;
			sourceTree = "<group>";
		};
		056030912424C65B0010D51A /* Text */ = {
			isa = PBXGroup;
			children = (
				056030852424B1E10010D51A /* SysText.swift */,
				056030892424C0C40010D51A /* SysTextField.swift */,
				0560308D2424C2790010D51A /* SysSecureField.swift */,
				0560308F2424C63F0010D51A /* SysFont.swift */,
			);
			path = Text;
			sourceTree = "<group>";
		};
		056030922424C66B0010D51A /* Image */ = {
			isa = PBXGroup;
			children = (
				0560308A2424C0C40010D51A /* SysImage.swift */,
			);
			path = Image;
			sourceTree = "<group>";
		};
		056030932424C6780010D51A /* Button */ = {
			isa = PBXGroup;
			children = (
				056030872424B4870010D51A /* SysButton.swift */,
				056030942424C6ED0010D51A /* SysNavigationLink.swift */,
				056030962424C6FA0010D51A /* SysMenuButton.swift */,
				056030982424C70A0010D51A /* SysEditButton.swift */,
				0560309A2424C7150010D51A /* SysPasteButton.swift */,
			);
			path = Button;
			sourceTree = "<group>";
		};
		0560309C2424C9C80010D51A /* Selector */ = {
			isa = PBXGroup;
			children = (
				0560309D2424C9D40010D51A /* SysToggle.swift */,
				0560309F2424C9ED0010D51A /* SysPicker.swift */,
				056030A12424CA080010D51A /* SysDatePicker.swift */,
				056030A32424CA220010D51A /* SysSlider.swift */,
				056030A52424CA2F0010D51A /* SysStepper.swift */,
			);
			path = Selector;
			sourceTree = "<group>";
		};
		056030A72424CBA70010D51A /* Layout */ = {
			isa = PBXGroup;
			children = (
				056030A82424CBCE0010D51A /* Stack */,
				056030A92424CBF40010D51A /* List */,
				056030AD2424CD850010D51A /* Spacer_Divider */,
				056030AA2424CC060010D51A /* Container */,
				056030AC2424CD850010D51A /* Architectural */,
				056030AB2424CD850010D51A /* Presentation */,
			);
			path = Layout;
			sourceTree = "<group>";
		};
		056030A82424CBCE0010D51A /* Stack */ = {
			isa = PBXGroup;
			children = (
			);
			path = Stack;
			sourceTree = "<group>";
		};
		056030A92424CBF40010D51A /* List */ = {
			isa = PBXGroup;
			children = (
			);
			path = List;
			sourceTree = "<group>";
		};
		056030AA2424CC060010D51A /* Container */ = {
			isa = PBXGroup;
			children = (
			);
			path = Container;
			sourceTree = "<group>";
		};
		056030AB2424CD850010D51A /* Presentation */ = {
			isa = PBXGroup;
			children = (
			);
			path = Presentation;
			sourceTree = "<group>";
		};
		056030AC2424CD850010D51A /* Architectural */ = {
			isa = PBXGroup;
			children = (
			);
			path = Architectural;
			sourceTree = "<group>";
		};
		056030AD2424CD850010D51A /* Spacer_Divider */ = {
			isa = PBXGroup;
			children = (
			);
			path = Spacer_Divider;
			sourceTree = "<group>";
		};
		05F17F642407C92C00E55796 = {
			isa = PBXGroup;
			children = (
				05F17F6F2407C92C00E55796 /* SwiftUI-Base */,
				05F17F6E2407C92C00E55796 /* Products */,
			);
			sourceTree = "<group>";
		};
		05F17F6E2407C92C00E55796 /* Products */ = {
			isa = PBXGroup;
			children = (
				05F17F6D2407C92C00E55796 /* SwiftUI大全.app */,
			);
			name = Products;
			sourceTree = "<group>";
		};
		05F17F6F2407C92C00E55796 /* SwiftUI-Base */ = {
			isa = PBXGroup;
			children = (
				0560307A24235DE00010D51A /* SwiftUI-Base.entitlements */,
				05F17F892407D10E00E55796 /* Models */,
				05603083242379670010D51A /* Main */,
				05F17F882407D01B00E55796 /* Views */,
				056030A72424CBA70010D51A /* Layout */,
				05F17F742407C92C00E55796 /* ElementListView.swift */,
				05F17F762407C92E00E55796 /* Assets.xcassets */,
				05F17F7B2407C92E00E55796 /* LaunchScreen.storyboard */,
				05F17F7E2407C92E00E55796 /* Info.plist */,
				05F17F782407C92E00E55796 /* Preview Content */,
			);
			path = "SwiftUI-Base";
			sourceTree = "<group>";
		};
		05F17F782407C92E00E55796 /* Preview Content */ = {
			isa = PBXGroup;
			children = (
				05F17F792407C92E00E55796 /* Preview Assets.xcassets */,
			);
			path = "Preview Content";
			sourceTree = "<group>";
		};
		05F17F882407D01B00E55796 /* Views */ = {
			isa = PBXGroup;
			children = (
				0560309C2424C9C80010D51A /* Selector */,
				056030932424C6780010D51A /* Button */,
				056030922424C66B0010D51A /* Image */,
				056030912424C65B0010D51A /* Text */,
				05F17F8C24091E6500E55796 /* SysNavigationView.swift */,
				05F17F862407D01300E55796 /* SysTableView.swift */,
				05F17F91240A63DC00E55796 /* SysList.swift */,
				05F17F93240A670100E55796 /* TextRow.swift */,
				05603081242375590010D51A /* Nav_Tab.swift */,
			);
			path = Views;
			sourceTree = "<group>";
		};
		05F17F892407D10E00E55796 /* Models */ = {
			isa = PBXGroup;
			children = (
				05F17F8A2407D15C00E55796 /* SysElement.swift */,
			);
			path = Models;
			sourceTree = "<group>";
		};
/* End PBXGroup section */

/* Begin PBXNativeTarget section */
		05F17F6C2407C92C00E55796 /* SwiftUI-Base */ = {
			isa = PBXNativeTarget;
			buildConfigurationList = 05F17F812407C92E00E55796 /* Build configuration list for PBXNativeTarget "SwiftUI-Base" */;
			buildPhases = (
				05F17F692407C92C00E55796 /* Sources */,
				05F17F6A2407C92C00E55796 /* Frameworks */,
				05F17F6B2407C92C00E55796 /* Resources */,
			);
			buildRules = (
			);
			dependencies = (
			);
			name = "SwiftUI-Base";
			productName = "SwiftUI-Buildin";
			productReference = 05F17F6D2407C92C00E55796 /* SwiftUI大全.app */;
			productType = "com.apple.product-type.application";
		};
/* End PBXNativeTarget section */

/* Begin PBXProject section */
		05F17F652407C92C00E55796 /* Project object */ = {
			isa = PBXProject;
			attributes = {
				LastSwiftUpdateCheck = 1130;
				LastUpgradeCheck = 1130;
				ORGANIZATIONNAME = cfans;
				TargetAttributes = {
					05F17F6C2407C92C00E55796 = {
						CreatedOnToolsVersion = 11.3.1;
					};
				};
			};
			buildConfigurationList = 05F17F682407C92C00E55796 /* Build configuration list for PBXProject "SwiftUI-Base" */;
			compatibilityVersion = "Xcode 9.3";
			developmentRegion = en;
			hasScannedForEncodings = 0;
			knownRegions = (
				en,
				Base,
			);
			mainGroup = 05F17F642407C92C00E55796;
			productRefGroup = 05F17F6E2407C92C00E55796 /* Products */;
			projectDirPath = "";
			projectRoot = "";
			targets = (
				05F17F6C2407C92C00E55796 /* SwiftUI-Base */,
			);
		};
/* End PBXProject section */

/* Begin PBXResourcesBuildPhase section */
		05F17F6B2407C92C00E55796 /* Resources */ = {
			isa = PBXResourcesBuildPhase;
			buildActionMask = 2147483647;
			files = (
				05F17F7D2407C92E00E55796 /* LaunchScreen.storyboard in Resources */,
				05F17F7A2407C92E00E55796 /* Preview Assets.xcassets in Resources */,
				05F17F772407C92E00E55796 /* Assets.xcassets in Resources */,
			);
			runOnlyForDeploymentPostprocessing = 0;
		};
/* End PBXResourcesBuildPhase section */

/* Begin PBXSourcesBuildPhase section */
		05F17F692407C92C00E55796 /* Sources */ = {
			isa = PBXSourcesBuildPhase;
			buildActionMask = 2147483647;
			files = (
				05F17F8B2407D15C00E55796 /* SysElement.swift in Sources */,
				05F17F90240A3F5500E55796 /* HomeView.swift in Sources */,
				056030862424B1E10010D51A /* SysText.swift in Sources */,
				05F17F94240A670100E55796 /* TextRow.swift in Sources */,
				05F17F712407C92C00E55796 /* AppDelegate.swift in Sources */,
				0560308B2424C0C40010D51A /* SysTextField.swift in Sources */,
				056030902424C63F0010D51A /* SysFont.swift in Sources */,
				056030952424C6ED0010D51A /* SysNavigationLink.swift in Sources */,
				05F17F92240A63DC00E55796 /* SysList.swift in Sources */,
				056030A62424CA2F0010D51A /* SysStepper.swift in Sources */,
				0560307F242373A00010D51A /* Tab2.swift in Sources */,
				0560307C242364D30010D51A /* Tab1.swift in Sources */,
				056030A02424C9ED0010D51A /* SysPicker.swift in Sources */,
				0560309E2424C9D40010D51A /* SysToggle.swift in Sources */,
				05F17F8D24091E6500E55796 /* SysNavigationView.swift in Sources */,
				05F17F732407C92C00E55796 /* SceneDelegate.swift in Sources */,
				05F17F752407C92C00E55796 /* ElementListView.swift in Sources */,
				05F17F872407D01300E55796 /* SysTableView.swift in Sources */,
				056030972424C6FA0010D51A /* SysMenuButton.swift in Sources */,
				0560309B2424C7150010D51A /* SysPasteButton.swift in Sources */,
				05603082242375590010D51A /* Nav_Tab.swift in Sources */,
				05603080242373A00010D51A /* Tab3.swift in Sources */,
				0560308C2424C0C40010D51A /* SysImage.swift in Sources */,
				056030882424B4870010D51A /* SysButton.swift in Sources */,
				056030A22424CA080010D51A /* SysDatePicker.swift in Sources */,
				056030A42424CA220010D51A /* SysSlider.swift in Sources */,
				0560308E2424C2790010D51A /* SysSecureField.swift in Sources */,
				056030992424C70A0010D51A /* SysEditButton.swift in Sources */,
			);
			runOnlyForDeploymentPostprocessing = 0;
		};
/* End PBXSourcesBuildPhase section */

/* Begin PBXVariantGroup section */
		05F17F7B2407C92E00E55796 /* LaunchScreen.storyboard */ = {
			isa = PBXVariantGroup;
			children = (
				05F17F7C2407C92E00E55796 /* Base */,
			);
			name = LaunchScreen.storyboard;
			sourceTree = "<group>";
		};
/* End PBXVariantGroup section */

/* Begin XCBuildConfiguration section */
		05F17F7F2407C92E00E55796 /* Debug */ = {
			isa = XCBuildConfiguration;
			buildSettings = {
				ALWAYS_SEARCH_USER_PATHS = NO;
				CLANG_ANALYZER_NONNULL = YES;
				CLANG_ANALYZER_NUMBER_OBJECT_CONVERSION = YES_AGGRESSIVE;
				CLANG_CXX_LANGUAGE_STANDARD = "gnu++14";
				CLANG_CXX_LIBRARY = "libc++";
				CLANG_ENABLE_MODULES = YES;
				CLANG_ENABLE_OBJC_ARC = YES;
				CLANG_ENABLE_OBJC_WEAK = YES;
				CLANG_WARN_BLOCK_CAPTURE_AUTORELEASING = YES;
				CLANG_WARN_BOOL_CONVERSION = YES;
				CLANG_WARN_COMMA = YES;
				CLANG_WARN_CONSTANT_CONVERSION = YES;
				CLANG_WARN_DEPRECATED_OBJC_IMPLEMENTATIONS = YES;
				CLANG_WARN_DIRECT_OBJC_ISA_USAGE = YES_ERROR;
				CLANG_WARN_DOCUMENTATION_COMMENTS = YES;
				CLANG_WARN_EMPTY_BODY = YES;
				CLANG_WARN_ENUM_CONVERSION = YES;
				CLANG_WARN_INFINITE_RECURSION = YES;
				CLANG_WARN_INT_CONVERSION = YES;
				CLANG_WARN_NON_LITERAL_NULL_CONVERSION = YES;
				CLANG_WARN_OBJC_IMPLICIT_RETAIN_SELF = YES;
				CLANG_WARN_OBJC_LITERAL_CONVERSION = YES;
				CLANG_WARN_OBJC_ROOT_CLASS = YES_ERROR;
				CLANG_WARN_RANGE_LOOP_ANALYSIS = YES;
				CLANG_WARN_STRICT_PROTOTYPES = YES;
				CLANG_WARN_SUSPICIOUS_MOVE = YES;
				CLANG_WARN_UNGUARDED_AVAILABILITY = YES_AGGRESSIVE;
				CLANG_WARN_UNREACHABLE_CODE = YES;
				CLANG_WARN__DUPLICATE_METHOD_MATCH = YES;
				COPY_PHASE_STRIP = NO;
				DEBUG_INFORMATION_FORMAT = dwarf;
				ENABLE_STRICT_OBJC_MSGSEND = YES;
				ENABLE_TESTABILITY = YES;
				GCC_C_LANGUAGE_STANDARD = gnu11;
				GCC_DYNAMIC_NO_PIC = NO;
				GCC_NO_COMMON_BLOCKS = YES;
				GCC_OPTIMIZATION_LEVEL = 0;
				GCC_PREPROCESSOR_DEFINITIONS = (
					"DEBUG=1",
					"$(inherited)",
				);
				GCC_WARN_64_TO_32_BIT_CONVERSION = YES;
				GCC_WARN_ABOUT_RETURN_TYPE = YES_ERROR;
				GCC_WARN_UNDECLARED_SELECTOR = YES;
				GCC_WARN_UNINITIALIZED_AUTOS = YES_AGGRESSIVE;
				GCC_WARN_UNUSED_FUNCTION = YES;
				GCC_WARN_UNUSED_VARIABLE = YES;
				IPHONEOS_DEPLOYMENT_TARGET = 13.2;
				MTL_ENABLE_DEBUG_INFO = INCLUDE_SOURCE;
				MTL_FAST_MATH = YES;
				ONLY_ACTIVE_ARCH = YES;
				SDKROOT = iphoneos;
				SWIFT_ACTIVE_COMPILATION_CONDITIONS = DEBUG;
				SWIFT_OPTIMIZATION_LEVEL = "-Onone";
			};
			name = Debug;
		};
		05F17F802407C92E00E55796 /* Release */ = {
			isa = XCBuildConfiguration;
			buildSettings = {
				ALWAYS_SEARCH_USER_PATHS = NO;
				CLANG_ANALYZER_NONNULL = YES;
				CLANG_ANALYZER_NUMBER_OBJECT_CONVERSION = YES_AGGRESSIVE;
				CLANG_CXX_LANGUAGE_STANDARD = "gnu++14";
				CLANG_CXX_LIBRARY = "libc++";
				CLANG_ENABLE_MODULES = YES;
				CLANG_ENABLE_OBJC_ARC = YES;
				CLANG_ENABLE_OBJC_WEAK = YES;
				CLANG_WARN_BLOCK_CAPTURE_AUTORELEASING = YES;
				CLANG_WARN_BOOL_CONVERSION = YES;
				CLANG_WARN_COMMA = YES;
				CLANG_WARN_CONSTANT_CONVERSION = YES;
				CLANG_WARN_DEPRECATED_OBJC_IMPLEMENTATIONS = YES;
				CLANG_WARN_DIRECT_OBJC_ISA_USAGE = YES_ERROR;
				CLANG_WARN_DOCUMENTATION_COMMENTS = YES;
				CLANG_WARN_EMPTY_BODY = YES;
				CLANG_WARN_ENUM_CONVERSION = YES;
				CLANG_WARN_INFINITE_RECURSION = YES;
				CLANG_WARN_INT_CONVERSION = YES;
				CLANG_WARN_NON_LITERAL_NULL_CONVERSION = YES;
				CLANG_WARN_OBJC_IMPLICIT_RETAIN_SELF = YES;
				CLANG_WARN_OBJC_LITERAL_CONVERSION = YES;
				CLANG_WARN_OBJC_ROOT_CLASS = YES_ERROR;
				CLANG_WARN_RANGE_LOOP_ANALYSIS = YES;
				CLANG_WARN_STRICT_PROTOTYPES = YES;
				CLANG_WARN_SUSPICIOUS_MOVE = YES;
				CLANG_WARN_UNGUARDED_AVAILABILITY = YES_AGGRESSIVE;
				CLANG_WARN_UNREACHABLE_CODE = YES;
				CLANG_WARN__DUPLICATE_METHOD_MATCH = YES;
				COPY_PHASE_STRIP = NO;
				DEBUG_INFORMATION_FORMAT = "dwarf-with-dsym";
				ENABLE_NS_ASSERTIONS = NO;
				ENABLE_STRICT_OBJC_MSGSEND = YES;
				GCC_C_LANGUAGE_STANDARD = gnu11;
				GCC_NO_COMMON_BLOCKS = YES;
				GCC_WARN_64_TO_32_BIT_CONVERSION = YES;
				GCC_WARN_ABOUT_RETURN_TYPE = YES_ERROR;
				GCC_WARN_UNDECLARED_SELECTOR = YES;
				GCC_WARN_UNINITIALIZED_AUTOS = YES_AGGRESSIVE;
				GCC_WARN_UNUSED_FUNCTION = YES;
				GCC_WARN_UNUSED_VARIABLE = YES;
				IPHONEOS_DEPLOYMENT_TARGET = 13.2;
				MTL_ENABLE_DEBUG_INFO = NO;
				MTL_FAST_MATH = YES;
				SDKROOT = iphoneos;
				SWIFT_COMPILATION_MODE = wholemodule;
				SWIFT_OPTIMIZATION_LEVEL = "-O";
				VALIDATE_PRODUCT = YES;
			};
			name = Release;
		};
		05F17F822407C92E00E55796 /* Debug */ = {
			isa = XCBuildConfiguration;
			buildSettings = {
				ASSETCATALOG_COMPILER_APPICON_NAME = AppIcon;
				CODE_SIGN_ENTITLEMENTS = "SwiftUI-Base/SwiftUI-Base.entitlements";
				CODE_SIGN_STYLE = Automatic;
				DERIVE_MACCATALYST_PRODUCT_BUNDLE_IDENTIFIER = YES;
				DEVELOPMENT_ASSET_PATHS = "\"SwiftUI-Base/Preview Content\"";
				DEVELOPMENT_TEAM = 8K435P9DJ8;
				ENABLE_PREVIEWS = YES;
				INFOPLIST_FILE = "$(SRCROOT)/SwiftUI-Base/Info.plist";
				IPHONEOS_DEPLOYMENT_TARGET = 13.1;
				LD_RUNPATH_SEARCH_PATHS = (
					"$(inherited)",
					"@executable_path/Frameworks",
				);
				PRODUCT_BUNDLE_IDENTIFIER = "swift.ui.SwiftUI-Base";
				PRODUCT_NAME = "SwiftUI大全";
				SUPPORTS_MACCATALYST = YES;
				SWIFT_VERSION = 5.0;
				TARGETED_DEVICE_FAMILY = "1,2";
			};
			name = Debug;
		};
		05F17F832407C92E00E55796 /* Release */ = {
			isa = XCBuildConfiguration;
			buildSettings = {
				ASSETCATALOG_COMPILER_APPICON_NAME = AppIcon;
				CODE_SIGN_ENTITLEMENTS = "SwiftUI-Base/SwiftUI-Base.entitlements";
				CODE_SIGN_STYLE = Automatic;
				DERIVE_MACCATALYST_PRODUCT_BUNDLE_IDENTIFIER = YES;
				DEVELOPMENT_ASSET_PATHS = "\"SwiftUI-Base/Preview Content\"";
				DEVELOPMENT_TEAM = 8K435P9DJ8;
				ENABLE_PREVIEWS = YES;
				INFOPLIST_FILE = "$(SRCROOT)/SwiftUI-Base/Info.plist";
				IPHONEOS_DEPLOYMENT_TARGET = 13.1;
				LD_RUNPATH_SEARCH_PATHS = (
					"$(inherited)",
					"@executable_path/Frameworks",
				);
				PRODUCT_BUNDLE_IDENTIFIER = "swift.ui.SwiftUI-Base";
				PRODUCT_NAME = "SwiftUI大全";
				SUPPORTS_MACCATALYST = YES;
				SWIFT_VERSION = 5.0;
				TARGETED_DEVICE_FAMILY = "1,2";
			};
			name = Release;
		};
/* End XCBuildConfiguration section */

/* Begin XCConfigurationList section */
		05F17F682407C92C00E55796 /* Build configuration list for PBXProject "SwiftUI-Base" */ = {
			isa = XCConfigurationList;
			buildConfigurations = (
				05F17F7F2407C92E00E55796 /* Debug */,
				05F17F802407C92E00E55796 /* Release */,
			);
			defaultConfigurationIsVisible = 0;
			defaultConfigurationName = Release;
		};
		05F17F812407C92E00E55796 /* Build configuration list for PBXNativeTarget "SwiftUI-Base" */ = {
			isa = XCConfigurationList;
			buildConfigurations = (
				05F17F822407C92E00E55796 /* Debug */,
				05F17F832407C92E00E55796 /* Release */,
			);
			defaultConfigurationIsVisible = 0;
			defaultConfigurationName = Release;
		};
/* End XCConfigurationList section */
	};
	rootObject = 05F17F652407C92C00E55796 /* Project object */;
}
